{
  "object": {
    "pins": [
      {
        "package": "SnapshotTestingHEIC",
        "repositoryURL": "https://github.com/alexey1312/SnapshotTestingHEIC.git",
        "state": {
          "branch": null,
          "revision": "77d47239adf4e6c714c31b1854ff7ca5ba072309",
          "version": "1.4.0"
        }
      },
      {
        "package": "swift-snapshot-testing",
        "repositoryURL": "https://github.com/pointfreeco/swift-snapshot-testing.git",
        "state": {
          "branch": null,
          "revision": "625ccca8570773dd84a34ee51a81aa2bc5a4f97a",
          "version": "1.16.0"
        }
      },
      {
        "package": "swift-syntax",
        "repositoryURL": "https://github.com/apple/swift-syntax",
        "state": {
          "branch": null,
          "revision": "fa8f95c2d536d6620cc2f504ebe8a6167c9fc2dd",
          "version": "510.0.1"
        }
      }
    ]
  },
  "version": 1
}
